
Microsoft Visual Studio Solution File, Format Version 12.00
Project("{FAE04EC0-301F-11D3-BF4B-00C04F79EFBC}") = "SerilogFileTest", "SerilogFileTest\SerilogFileTest.csproj", "{D2416F2B-EE9D-4EC7-ABBF-4B449D35F1EA}"
EndProject
Global
	GlobalSection(SolutionConfigurationPlatforms) = preSolution
		Debug|Any CPU = Debug|Any CPU
		Release|Any CPU = Release|Any CPU
	EndGlobalSection
	GlobalSection(ProjectConfigurationPlatforms) = postSolution
		{D2416F2B-EE9D-4EC7-ABBF-4B449D35F1EA}.Debug|Any CPU.ActiveCfg = Debug|Any CPU
		{D2416F2B-EE9D-4EC7-ABBF-4B449D35F1EA}.Debug|Any CPU.Build.0 = Debug|Any CPU
		{D2416F2B-EE9D-4EC7-ABBF-4B449D35F1EA}.Release|Any CPU.ActiveCfg = Release|Any CPU
		{D2416F2B-EE9D-4EC7-ABBF-4B449D35F1EA}.Release|Any CPU.Build.0 = Release|Any CPU
	EndGlobalSection
EndGlobal
